
Microsoft Visual Studio Solution File, Format Version 12.00
# Visual Studio Version 17
VisualStudioVersion = 17.8.34525.116
MinimumVisualStudioVersion = 10.0.40219.1
Project("{888888A0-9F3D-457C-B088-3A5042F75D52}") = "Zigbee01", "Zigbee01.pyproj", "{ACBF0DD0-79DB-4753-91D3-F153579F97B6}"
EndProject
Global
	GlobalSection(SolutionConfigurationPlatforms) = preSolution
		Debug|Any CPU = Debug|Any CPU
		Release|Any CPU = Release|Any CPU
	EndGlobalSection
	GlobalSection(ProjectConfigurationPlatforms) = postSolution
		{ACBF0DD0-79DB-4753-91D3-F153579F97B6}.Debug|Any CPU.ActiveCfg = Debug|Any CPU
		{ACBF0DD0-79DB-4753-91D3-F153579F97B6}.Release|Any CPU.ActiveCfg = Release|Any CPU
	EndGlobalSection
	GlobalSection(SolutionProperties) = preSolution
		HideSolutionNode = FALSE
	EndGlobalSection
	GlobalSection(ExtensibilityGlobals) = postSolution
		SolutionGuid = {7BC29C45-6CB7-48F2-9473-7247CF15DFDB}
	EndGlobalSection
EndGlobal
